
Microsoft Visual Studio Solution File, Format Version 12.00
# Visual Studio 15
VisualStudioVersion = 15.0.28307.271
MinimumVisualStudioVersion = 10.0.40219.1
Project("{CC5FD16D-436D-48AD-A40C-5A424C6E3E79}") = "ASM_BlobStorage", "ASM_BlobStorage\ASM_BlobStorage.ccproj", "{AFD40AA3-5DF4-4875-901D-C1F62662D749}"
EndProject
Project("{FAE04EC0-301F-11D3-BF4B-00C04F79EFBC}") = "ImageStore", "ImageStore\ImageStore.csproj", "{53DA42F5-2B08-4D75-AEDC-BF471FD365B5}"
EndProject
Global
	GlobalSection(SolutionConfigurationPlatforms) = preSolution
		Debug|Any CPU = Debug|Any CPU
		Release|Any CPU = Release|Any CPU
	EndGlobalSection
	GlobalSection(ProjectConfigurationPlatforms) = postSolution
		{AFD40AA3-5DF4-4875-901D-C1F62662D749}.Debug|Any CPU.ActiveCfg = Debug|Any CPU
		{AFD40AA3-5DF4-4875-901D-C1F62662D749}.Debug|Any CPU.Build.0 = Debug|Any CPU
		{AFD40AA3-5DF4-4875-901D-C1F62662D749}.Release|Any CPU.ActiveCfg = Release|Any CPU
		{AFD40AA3-5DF4-4875-901D-C1F62662D749}.Release|Any CPU.Build.0 = Release|Any CPU
		{53DA42F5-2B08-4D75-AEDC-BF471FD365B5}.Debug|Any CPU.ActiveCfg = Debug|Any CPU
		{53DA42F5-2B08-4D75-AEDC-BF471FD365B5}.Debug|Any CPU.Build.0 = Debug|Any CPU
		{53DA42F5-2B08-4D75-AEDC-BF471FD365B5}.Release|Any CPU.ActiveCfg = Release|Any CPU
		{53DA42F5-2B08-4D75-AEDC-BF471FD365B5}.Release|Any CPU.Build.0 = Release|Any CPU
	EndGlobalSection
	GlobalSection(SolutionProperties) = preSolution
		HideSolutionNode = FALSE
	EndGlobalSection
	GlobalSection(ExtensibilityGlobals) = postSolution
		SolutionGuid = {73E74144-C8E5-4F73-BD64-EC88300F3055}
	EndGlobalSection
EndGlobal
